{
  "version": "3",
  "redirects": {
    "https://deno.land/x/gfm/mod.ts": "https://deno.land/x/gfm@0.2.5/mod.ts",
    "https://esm.sh/v133/@types/he@~1.2/index.d.ts": "https://esm.sh/v133/@types/he@1.2.3/index.d.ts",
    "https://esm.sh/v133/@types/katex@~0.16/index.d.ts": "https://esm.sh/v133/@types/katex@0.16.7/index.d.ts",
    "https://esm.sh/v133/@types/marked@^5/index.d.ts": "https://esm.sh/v133/@types/marked@5.0.2/index.d.ts",
    "https://esm.sh/v133/@types/prismjs@^1/index.d.ts": "https://esm.sh/v133/@types/prismjs@1.26.3/index.d.ts",
    "https://esm.sh/v133/@types/sanitize-html@~2.8/index.d.ts": "https://esm.sh/v133/@types/sanitize-html@2.8.1/index.d.ts"
  },
  "remote": {
    "https://deno.land/std@0.105.0/fmt/colors.ts": "d2f8355f00a74404668fc5a1e4a92983ce1a9b0a6ac1d40efbd681cb8f519586",
    "https://deno.land/x/charmd@v0.0.2/deps.ts": "a4ca1cafc09a86cb1b7c13456e638f486f9abe4aa7fd423a6870b894eb69210a",
    "https://deno.land/x/charmd@v0.0.2/example.ts": "1f740396c1756fe644ebfba46380847850c840f4121853b4b38b077954e97286",
    "https://deno.land/x/charmd@v0.0.2/generator.ts": "27eff082a59f9c73b644daf5891bdc10a667ed6e9b827e19e31e611ae1886a29",
    "https://deno.land/x/charmd@v0.0.2/mdast-util-from-markdown@1_2_0-shimmed.js": "7fa5a1fc1313c02bfdeb5773e0f4ed20b2ea5fd3d54628ab7363d0c51e24906c",
    "https://deno.land/x/charmd@v0.0.2/mod.ts": "5b574cb4a98d5d5ffbbb2aea895db1fedbed231abc54c5f77c368b0db2b088bd",
    "https://deno.land/x/charmd@v0.0.2/renderer.ts": "0469005ff0676f816c14dee3b2d9d81c134ef913841ab189ae233f3e2ad801f6",
    "https://deno.land/x/charmd@v0.0.2/transformer.ts": "ae7ad1e4898b08bd5cb548d28787d239a70df1da6a3a20fb7abb4e9ca2bda6e9",
    "https://deno.land/x/charmd@v0.0.2/utils.ts": "5199941f11870a66b82b198182600d40640991e548975e872ffee6ed81a37407",
    "https://deno.land/x/emoji@0.3.0/all.json": "f0553b660db5e44e71ca46f637a06c2ec94f34445a920fcf319858094a91f46b",
    "https://deno.land/x/emoji@0.3.0/emoji.ts": "ad21fa393b2b96fb5999f58dec18e13628cc5d11aa370c42a2f7cc8e135d43d8",
    "https://deno.land/x/emoji@0.3.0/mod.ts": "9ef5a2fca1a633f29747b6d3254afd19545cef586128a8213a1003ee2808186d",
    "https://deno.land/x/emoji@0.3.0/types.ts": "5897345f500088c719a35388c5b192bc5d93fc2c13e37d94eafa8ff3480edd17",
    "https://deno.land/x/emoji@0.3.0/unicode.ts": "ac8079e8e1da66ae9e601c1fdd0e7641120c2b07ca7bd2875e65fe23e16e6199",
    "https://deno.land/x/gfm@0.2.5/deps.ts": "e6ce060304c2ee2be60d4d89addc94ea7bed50d98e9709155ec7bf3af6d41082",
    "https://deno.land/x/gfm@0.2.5/mod.ts": "1406486c02bfb707746e449559dc81ed0c4a9eada9a92dbb0d68cffa12069c45",
    "https://deno.land/x/gfm@0.2.5/style.js": "86de9308f5d108ee0976e296260eb634c7477a11a9bebf44e6f863a5b8fb6d6d",
    "https://esm.sh/he@1.2.0": "0540fb0db449a4eb5bd10ef0ab04efd701f5217082bad13ee44ef89f99e97be9",
    "https://esm.sh/katex@0.16.8/dist/katex.mjs": "89e3abe4ab9294bb207b6272f374dee59677787a5e9bb8989757c21580860f19",
    "https://esm.sh/marked-gfm-heading-id@3.0.4/": "b5a2806da7a23d655f8c3cd2a5422c8be26cc5d1b63685c48f1c7527713eb350",
    "https://esm.sh/marked-mangle@v1.1.0/": "16dadf5b09e3dbf067866d393900a0e68f50fc0ab619af319841504da1f9331e",
    "https://esm.sh/marked@5.1.0/": "a0200ba6d964aae9c665a939bfaca369a126b2377abea858779ebcd27f8dd11f",
    "https://esm.sh/prismjs@1.29.0": "49d4c33628df8c76798a0248d8d4014e7c52261dd164ff090c59145970c1a585",
    "https://esm.sh/sanitize-html@2.8.1?target=esnext": "b640fd53f68382780df00176c70c368695b972a44efdec9e2f7716def9f39308",
    "https://esm.sh/v133/base64-js@1.5.1/esnext/base64-js.mjs": "06645873bd39b537271b4c46c974b9b51a02b9feafa07937bb3a3cfaf1fb0cf6",
    "https://esm.sh/v133/buffer@6.0.3/esnext/buffer.mjs": "075fc487c8ee7638267118fb194cbc97af2c27321709ca2cdeeaad77de2d5911",
    "https://esm.sh/v133/deepmerge@4.3.1/esnext/deepmerge.mjs": "426fb4ada3c99ddd720d7c28ce216d8fcb47543e3d64ead96d97b1103cc16487",
    "https://esm.sh/v133/dom-serializer@2.0.0/esnext/dom-serializer.mjs": "edc38849cdee92590326c89ecaa69e3de1ac7769174e8e127d2a69071c4479c9",
    "https://esm.sh/v133/domelementtype@2.3.0/esnext/domelementtype.mjs": "1e4dd3222620668a50040012a6b0d1582e89e7a570826a079a11226a7929e20c",
    "https://esm.sh/v133/domhandler@5.0.3/esnext/domhandler.mjs": "f3f46a2eaa74d1fb4928a3072992dbc83c30a7012bf34757e63fbb6b77831421",
    "https://esm.sh/v133/domutils@3.1.0/esnext/domutils.mjs": "fede888ba6fa7ff8425f123b8780904a377e683abb05a34b5823ffb86a111389",
    "https://esm.sh/v133/entities@4.5.0/esnext/entities.mjs": "5e2dc6b9009c467fceb7b357ca2d43a618e039aa4163267418064f65e69e4913",
    "https://esm.sh/v133/entities@4.5.0/esnext/lib/decode.js": "a94034fcf3b2ec6828ed2911b2f42bdeeab26f38ecc759fb1881e440c6c54b92",
    "https://esm.sh/v133/escape-string-regexp@4.0.0/esnext/escape-string-regexp.mjs": "7f00803b40f74aee2522808c0cf76057a715636dd84f4f679731b0e935cd3a56",
    "https://esm.sh/v133/github-slugger@2.0.0/denonext/github-slugger.mjs": "42ff6fe7ba4f63d8a048970e5a32cd5b0348905dde3f9e270d90e44a6e7635ae",
    "https://esm.sh/v133/he@1.2.0/denonext/he.mjs": "1ffb3a2e1892578e01267fda4b32f30dd0b4b3be7393fe239b0ea30cf1d654c7",
    "https://esm.sh/v133/htmlparser2@8.0.2/esnext/htmlparser2.mjs": "93e54a8f7ee088c697640ca9d45dabf0a98d6bffff05ff2a5d7f6fb72da6b6df",
    "https://esm.sh/v133/ieee754@1.2.1/esnext/ieee754.mjs": "697af7a0508eafc364c7ff778310afdc7e7d7187c15f5f3a3295b541785af5b4",
    "https://esm.sh/v133/is-plain-object@5.0.0/esnext/is-plain-object.mjs": "d990fb0c3e251072728088888873225a35995aedff2e3b443b5e3c33efe1be3b",
    "https://esm.sh/v133/katex@0.16.8/denonext/dist/katex.js": "216b5eaf5e5e045220b9b45469c04b3c1fa858e941b058f67200091ce92ec5f7",
    "https://esm.sh/v133/marked-gfm-heading-id@3.0.4/denonext/marked-gfm-heading-id.mjs": "d3d1d5a0b041af32bd83a13b85a8ed869908cdf39d521a6c6c624068cd63bc8d",
    "https://esm.sh/v133/marked-mangle@1.1.0/denonext/marked-mangle.mjs": "4f600a0d00388999e394cdea37c195354f30979320b6d0d1390a412c27edb7fd",
    "https://esm.sh/v133/marked@5.1.0/denonext/marked.mjs": "246354e3911a238fd24ea38dcf51564e0878c7052b0ee8575061fc27792fa0d4",
    "https://esm.sh/v133/nanoid@3.3.6/esnext/non-secure.js": "aef4144cd7d02917d59594dbbed43bf7f42bd3280ba5500ec7a0bba8d2e1c9f7",
    "https://esm.sh/v133/node_events.js": "b1b65598db01a0621f65bf86948381344943c6b53828c470be4caa678d5fcfd5",
    "https://esm.sh/v133/node_process.js": "13a1bd2438678b509dd68a0006c11c50c77451c9bcdeaa25c6602236ffce247c",
    "https://esm.sh/v133/parse-srcset@1.0.2/esnext/parse-srcset.mjs": "99266fb819ffab3c5419aab0beeafbfb6e8572dac0bb33ad9a47da77af0a8224",
    "https://esm.sh/v133/picocolors@1.0.0/esnext/picocolors.mjs": "df13f83b999dcfb6c81373ff205b7ce912b8518d833754ca3b312f764d4500fb",
    "https://esm.sh/v133/postcss@8.4.31/esnext/postcss.mjs": "f6f3624acde12f7322c8caeb79dba70de002ef79f49d756867e0c7716092c791",
    "https://esm.sh/v133/prismjs@1.29.0/denonext/prismjs.mjs": "0ccddfab01b35eb5fd1e32ee2230809343dfec5bab2ec50039aee88c5ec1e3e7",
    "https://esm.sh/v133/sanitize-html@2.8.1/esnext/sanitize-html.mjs": "4bd5ba340bdc301effb54d78b8b0d1ee05524210fc90660cbcf261384f646427"
  }
}
